// !$*UTF8*$!
{
	archiveVersion = 1;
	classes = {
	};
	objectVersion = 46;
	objects = {

/* Begin PBXBuildFile section */
		0AE739BBE832FD75C23828B7 /* Pods_InstagramClone.framework in Frameworks */ = {isa = PBXBuildFile; fileRef = 9A3A09E0A4D418A67A1D8967 /* Pods_InstagramClone.framework */; };
		21A48EC51D3DDD9C00046587 /* LoginViewController.swift in Sources */ = {isa = PBXBuildFile; fileRef = 21A48EC41D3DDD9C00046587 /* LoginViewController.swift */; };
		21A48EC91D3E8FD600046587 /* ViewUsersTableViewController.swift in Sources */ = {isa = PBXBuildFile; fileRef = 21A48EC81D3E8FD600046587 /* ViewUsersTableViewController.swift */; };
		21A48ED31D3E904000046587 /* InstagramCloneUITests.swift in Sources */ = {isa = PBXBuildFile; fileRef = 21A48ED21D3E904000046587 /* InstagramCloneUITests.swift */; };
		21A48EDB1D3EC63A00046587 /* Main.storyboard in Resources */ = {isa = PBXBuildFile; fileRef = 21A48EDA1D3EC63A00046587 /* Main.storyboard */; };
		21BA33EE1D3D9E95004DDD05 /* AppDelegate.swift in Sources */ = {isa = PBXBuildFile; fileRef = 21BA33ED1D3D9E95004DDD05 /* AppDelegate.swift */; };
		21BA33F51D3D9E95004DDD05 /* Assets.xcassets in Resources */ = {isa = PBXBuildFile; fileRef = 21BA33F41D3D9E95004DDD05 /* Assets.xcassets */; };
		21BA33F81D3D9E95004DDD05 /* LaunchScreen.storyboard in Resources */ = {isa = PBXBuildFile; fileRef = 21BA33F61D3D9E95004DDD05 /* LaunchScreen.storyboard */; };
		21BA34001D3DA361004DDD05 /* GoogleService-Info.plist in Resources */ = {isa = PBXBuildFile; fileRef = 21BA33FF1D3DA361004DDD05 /* GoogleService-Info.plist */; };
/* End PBXBuildFile section */

/* Begin PBXContainerItemProxy section */
		21A48ED51D3E904000046587 /* PBXContainerItemProxy */ = {
			isa = PBXContainerItemProxy;
			containerPortal = 21BA33E21D3D9E95004DDD05 /* Project object */;
			proxyType = 1;
			remoteGlobalIDString = 21BA33E91D3D9E95004DDD05;
			remoteInfo = InstagramClone;
		};
/* End PBXContainerItemProxy section */

/* Begin PBXFileReference section */
		21A48EC41D3DDD9C00046587 /* LoginViewController.swift */ = {isa = PBXFileReference; fileEncoding = 4; lastKnownFileType = sourcecode.swift; path = LoginViewController.swift; sourceTree = "<group>"; };
		21A48EC81D3E8FD600046587 /* ViewUsersTableViewController.swift */ = {isa = PBXFileReference; fileEncoding = 4; lastKnownFileType = sourcecode.swift; path = ViewUsersTableViewController.swift; sourceTree = "<group>"; };
		21A48ED01D3E904000046587 /* InstagramCloneUITests.xctest */ = {isa = PBXFileReference; explicitFileType = wrapper.cfbundle; includeInIndex = 0; path = InstagramCloneUITests.xctest; sourceTree = BUILT_PRODUCTS_DIR; };
		21A48ED21D3E904000046587 /* InstagramCloneUITests.swift */ = {isa = PBXFileReference; lastKnownFileType = sourcecode.swift; path = InstagramCloneUITests.swift; sourceTree = "<group>"; };
		21A48ED41D3E904000046587 /* Info.plist */ = {isa = PBXFileReference; lastKnownFileType = text.plist.xml; path = Info.plist; sourceTree = "<group>"; };
		21A48EDA1D3EC63A00046587 /* Main.storyboard */ = {isa = PBXFileReference; fileEncoding = 4; lastKnownFileType = file.storyboard; path = Main.storyboard; sourceTree = "<group>"; };
		21BA33EA1D3D9E95004DDD05 /* InstagramClone.app */ = {isa = PBXFileReference; explicitFileType = wrapper.application; includeInIndex = 0; path = InstagramClone.app; sourceTree = BUILT_PRODUCTS_DIR; };
		21BA33ED1D3D9E95004DDD05 /* AppDelegate.swift */ = {isa = PBXFileReference; lastKnownFileType = sourcecode.swift; path = AppDelegate.swift; sourceTree = "<group>"; };
		21BA33F41D3D9E95004DDD05 /* Assets.xcassets */ = {isa = PBXFileReference; lastKnownFileType = folder.assetcatalog; path = Assets.xcassets; sourceTree = "<group>"; };
		21BA33F71D3D9E95004DDD05 /* Base */ = {isa = PBXFileReference; lastKnownFileType = file.storyboard; name = Base; path = Base.lproj/LaunchScreen.storyboard; sourceTree = "<group>"; };
		21BA33F91D3D9E95004DDD05 /* Info.plist */ = {isa = PBXFileReference; lastKnownFileType = text.plist.xml; path = Info.plist; sourceTree = "<group>"; };
		21BA33FF1D3DA361004DDD05 /* GoogleService-Info.plist */ = {isa = PBXFileReference; fileEncoding = 4; lastKnownFileType = text.plist.xml; path = "GoogleService-Info.plist"; sourceTree = "<group>"; };
		9A3A09E0A4D418A67A1D8967 /* Pods_InstagramClone.framework */ = {isa = PBXFileReference; explicitFileType = wrapper.framework; includeInIndex = 0; path = Pods_InstagramClone.framework; sourceTree = BUILT_PRODUCTS_DIR; };
		B52B73BAB8232990470387DE /* Pods-InstagramClone.debug.xcconfig */ = {isa = PBXFileReference; includeInIndex = 1; lastKnownFileType = text.xcconfig; name = "Pods-InstagramClone.debug.xcconfig"; path = "Pods/Target Support Files/Pods-InstagramClone/Pods-InstagramClone.debug.xcconfig"; sourceTree = "<group>"; };
		D6A4C64D4959488BDB0B6C9F /* Pods-InstagramClone.release.xcconfig */ = {isa = PBXFileReference; includeInIndex = 1; lastKnownFileType = text.xcconfig; name = "Pods-InstagramClone.release.xcconfig"; path = "Pods/Target Support Files/Pods-InstagramClone/Pods-InstagramClone.release.xcconfig"; sourceTree = "<group>"; };
/* End PBXFileReference section */

/* Begin PBXFrameworksBuildPhase section */
		21A48ECD1D3E904000046587 /* Frameworks */ = {
			isa = PBXFrameworksBuildPhase;
			buildActionMask = 2147483647;
			files = (
			);
			runOnlyForDeploymentPostprocessing = 0;
		};
		21BA33E71D3D9E95004DDD05 /* Frameworks */ = {
			isa = PBXFrameworksBuildPhase;
			buildActionMask = 2147483647;
			files = (
				0AE739BBE832FD75C23828B7 /* Pods_InstagramClone.framework in Frameworks */,
			);
			runOnlyForDeploymentPostprocessing = 0;
		};
/* End PBXFrameworksBuildPhase section */

/* Begin PBXGroup section */
		21A48ED11D3E904000046587 /* InstagramCloneUITests */ = {
			isa = PBXGroup;
			children = (
				21A48ED21D3E904000046587 /* InstagramCloneUITests.swift */,
				21A48ED41D3E904000046587 /* Info.plist */,
			);
			path = InstagramCloneUITests;
			sourceTree = "<group>";
		};
		21BA33E11D3D9E95004DDD05 = {
			isa = PBXGroup;
			children = (
				21BA33EC1D3D9E95004DDD05 /* InstagramClone */,
				21A48ED11D3E904000046587 /* InstagramCloneUITests */,
				21BA33EB1D3D9E95004DDD05 /* Products */,
				2D6CA2AA540C454EDF599D73 /* Pods */,
				BD5915AC5B5813FB82279706 /* Frameworks */,
			);
			sourceTree = "<group>";
		};
		21BA33EB1D3D9E95004DDD05 /* Products */ = {
			isa = PBXGroup;
			children = (
				21BA33EA1D3D9E95004DDD05 /* InstagramClone.app */,
				21A48ED01D3E904000046587 /* InstagramCloneUITests.xctest */,
			);
			name = Products;
			sourceTree = "<group>";
		};
		21BA33EC1D3D9E95004DDD05 /* InstagramClone */ = {
			isa = PBXGroup;
			children = (
				21A48EC81D3E8FD600046587 /* ViewUsersTableViewController.swift */,
				21A48EDA1D3EC63A00046587 /* Main.storyboard */,
				21BA33ED1D3D9E95004DDD05 /* AppDelegate.swift */,
				21A48EC41D3DDD9C00046587 /* LoginViewController.swift */,
				21BA33F41D3D9E95004DDD05 /* Assets.xcassets */,
				21BA33F61D3D9E95004DDD05 /* LaunchScreen.storyboard */,
				21BA33F91D3D9E95004DDD05 /* Info.plist */,
				21BA33FF1D3DA361004DDD05 /* GoogleService-Info.plist */,
			);
			path = InstagramClone;
			sourceTree = "<group>";
		};
		2D6CA2AA540C454EDF599D73 /* Pods */ = {
			isa = PBXGroup;
			children = (
				B52B73BAB8232990470387DE /* Pods-InstagramClone.debug.xcconfig */,
				D6A4C64D4959488BDB0B6C9F /* Pods-InstagramClone.release.xcconfig */,
			);
			name = Pods;
			sourceTree = "<group>";
		};
		BD5915AC5B5813FB82279706 /* Frameworks */ = {
			isa = PBXGroup;
			children = (
				9A3A09E0A4D418A67A1D8967 /* Pods_InstagramClone.framework */,
			);
			name = Frameworks;
			sourceTree = "<group>";
		};
/* End PBXGroup section */

/* Begin PBXNativeTarget section */
		21A48ECF1D3E904000046587 /* InstagramCloneUITests */ = {
			isa = PBXNativeTarget;
			buildConfigurationList = 21A48ED71D3E904000046587 /* Build configuration list for PBXNativeTarget "InstagramCloneUITests" */;
			buildPhases = (
				21A48ECC1D3E904000046587 /* Sources */,
				21A48ECD1D3E904000046587 /* Frameworks */,
				21A48ECE1D3E904000046587 /* Resources */,
			);
			buildRules = (
			);
			dependencies = (
				21A48ED61D3E904000046587 /* PBXTargetDependency */,
			);
			name = InstagramCloneUITests;
			productName = InstagramCloneUITests;
			productReference = 21A48ED01D3E904000046587 /* InstagramCloneUITests.xctest */;
			productType = "com.apple.product-type.bundle.ui-testing";
		};
		21BA33E91D3D9E95004DDD05 /* InstagramClone */ = {
			isa = PBXNativeTarget;
			buildConfigurationList = 21BA33FC1D3D9E95004DDD05 /* Build configuration list for PBXNativeTarget "InstagramClone" */;
			buildPhases = (
				9BFBEEB98A6879E16FF5C9E6 /* 📦 Check Pods Manifest.lock */,
				21BA33E61D3D9E95004DDD05 /* Sources */,
				21BA33E71D3D9E95004DDD05 /* Frameworks */,
				21BA33E81D3D9E95004DDD05 /* Resources */,
				F62F2252DC1410E0A9301C00 /* 📦 Embed Pods Frameworks */,
				B2DBA7ACE9C1817888E2D070 /* 📦 Copy Pods Resources */,
			);
			buildRules = (
			);
			dependencies = (
			);
			name = InstagramClone;
			productName = InstagramClone;
			productReference = 21BA33EA1D3D9E95004DDD05 /* InstagramClone.app */;
			productType = "com.apple.product-type.application";
		};
/* End PBXNativeTarget section */

/* Begin PBXProject section */
		21BA33E21D3D9E95004DDD05 /* Project object */ = {
			isa = PBXProject;
			attributes = {
				LastSwiftUpdateCheck = 0730;
				LastUpgradeCheck = 0730;
				ORGANIZATIONNAME = "Michael D. Williams";
				TargetAttributes = {
					21A48ECF1D3E904000046587 = {
						CreatedOnToolsVersion = 7.3;
						TestTargetID = 21BA33E91D3D9E95004DDD05;
					};
					21BA33E91D3D9E95004DDD05 = {
						CreatedOnToolsVersion = 7.3;
					};
				};
			};
			buildConfigurationList = 21BA33E51D3D9E95004DDD05 /* Build configuration list for PBXProject "InstagramClone" */;
			compatibilityVersion = "Xcode 3.2";
			developmentRegion = English;
			hasScannedForEncodings = 0;
			knownRegions = (
				en,
				Base,
			);
			mainGroup = 21BA33E11D3D9E95004DDD05;
			productRefGroup = 21BA33EB1D3D9E95004DDD05 /* Products */;
			projectDirPath = "";
			projectRoot = "";
			targets = (
				21BA33E91D3D9E95004DDD05 /* InstagramClone */,
				21A48ECF1D3E904000046587 /* InstagramCloneUITests */,
			);
		};
/* End PBXProject section */

/* Begin PBXResourcesBuildPhase section */
		21A48ECE1D3E904000046587 /* Resources */ = {
			isa = PBXResourcesBuildPhase;
			buildActionMask = 2147483647;
			files = (
			);
			runOnlyForDeploymentPostprocessing = 0;
		};
		21BA33E81D3D9E95004DDD05 /* Resources */ = {
			isa = PBXResourcesBuildPhase;
			buildActionMask = 2147483647;
			files = (
				21BA33F81D3D9E95004DDD05 /* LaunchScreen.storyboard in Resources */,
				21BA33F51D3D9E95004DDD05 /* Assets.xcassets in Resources */,
				21BA34001D3DA361004DDD05 /* GoogleService-Info.plist in Resources */,
				21A48EDB1D3EC63A00046587 /* Main.storyboard in Resources */,
			);
			runOnlyForDeploymentPostprocessing = 0;
		};
/* End PBXResourcesBuildPhase section */

/* Begin PBXShellScriptBuildPhase section */
		9BFBEEB98A6879E16FF5C9E6 /* 📦 Check Pods Manifest.lock */ = {
			isa = PBXShellScriptBuildPhase;
			buildActionMask = 2147483647;
			files = (
			);
			inputPaths = (
			);
			name = "📦 Check Pods Manifest.lock";
			outputPaths = (
			);
			runOnlyForDeploymentPostprocessing = 0;
			shellPath = /bin/sh;
			shellScript = "diff \"${PODS_ROOT}/../Podfile.lock\" \"${PODS_ROOT}/Manifest.lock\" > /dev/null\nif [[ $? != 0 ]] ; then\n    cat << EOM\nerror: The sandbox is not in sync with the Podfile.lock. Run 'pod install' or update your CocoaPods installation.\nEOM\n    exit 1\nfi\n";
			showEnvVarsInLog = 0;
		};
		B2DBA7ACE9C1817888E2D070 /* 📦 Copy Pods Resources */ = {
			isa = PBXShellScriptBuildPhase;
			buildActionMask = 2147483647;
			files = (
			);
			inputPaths = (
			);
			name = "📦 Copy Pods Resources";
			outputPaths = (
			);
			runOnlyForDeploymentPostprocessing = 0;
			shellPath = /bin/sh;
			shellScript = "\"${SRCROOT}/Pods/Target Support Files/Pods-InstagramClone/Pods-InstagramClone-resources.sh\"\n";
			showEnvVarsInLog = 0;
		};
		F62F2252DC1410E0A9301C00 /* 📦 Embed Pods Frameworks */ = {
			isa = PBXShellScriptBuildPhase;
			buildActionMask = 2147483647;
			files = (
			);
			inputPaths = (
			);
			name = "📦 Embed Pods Frameworks";
			outputPaths = (
			);
			runOnlyForDeploymentPostprocessing = 0;
			shellPath = /bin/sh;
			shellScript = "\"${SRCROOT}/Pods/Target Support Files/Pods-InstagramClone/Pods-InstagramClone-frameworks.sh\"\n";
			showEnvVarsInLog = 0;
		};
/* End PBXShellScriptBuildPhase section */

/* Begin PBXSourcesBuildPhase section */
		21A48ECC1D3E904000046587 /* Sources */ = {
			isa = PBXSourcesBuildPhase;
			buildActionMask = 2147483647;
			files = (
				21A48ED31D3E904000046587 /* InstagramCloneUITests.swift in Sources */,
			);
			runOnlyForDeploymentPostprocessing = 0;
		};
		21BA33E61D3D9E95004DDD05 /* Sources */ = {
			isa = PBXSourcesBuildPhase;
			buildActionMask = 2147483647;
			files = (
				21A48EC91D3E8FD600046587 /* ViewUsersTableViewController.swift in Sources */,
				21A48EC51D3DDD9C00046587 /* LoginViewController.swift in Sources */,
				21BA33EE1D3D9E95004DDD05 /* AppDelegate.swift in Sources */,
			);
			runOnlyForDeploymentPostprocessing = 0;
		};
/* End PBXSourcesBuildPhase section */

/* Begin PBXTargetDependency section */
		21A48ED61D3E904000046587 /* PBXTargetDependency */ = {
			isa = PBXTargetDependency;
			target = 21BA33E91D3D9E95004DDD05 /* InstagramClone */;
			targetProxy = 21A48ED51D3E904000046587 /* PBXContainerItemProxy */;
		};
/* End PBXTargetDependency section */

/* Begin PBXVariantGroup section */
		21BA33F61D3D9E95004DDD05 /* LaunchScreen.storyboard */ = {
			isa = PBXVariantGroup;
			children = (
				21BA33F71D3D9E95004DDD05 /* Base */,
			);
			name = LaunchScreen.storyboard;
			sourceTree = "<group>";
		};
/* End PBXVariantGroup section */

/* Begin XCBuildConfiguration section */
		21A48ED81D3E904000046587 /* Debug */ = {
			isa = XCBuildConfiguration;
			buildSettings = {
				INFOPLIST_FILE = InstagramCloneUITests/Info.plist;
				LD_RUNPATH_SEARCH_PATHS = "$(inherited) @executable_path/Frameworks @loader_path/Frameworks";
				PRODUCT_BUNDLE_IDENTIFIER = com.michaeldwilliams.InstagramCloneUITests;
				PRODUCT_NAME = "$(TARGET_NAME)";
				TEST_TARGET_NAME = InstagramClone;
			};
			name = Debug;
		};
		21A48ED91D3E904000046587 /* Release */ = {
			isa = XCBuildConfiguration;
			buildSettings = {
				INFOPLIST_FILE = InstagramCloneUITests/Info.plist;
				LD_RUNPATH_SEARCH_PATHS = "$(inherited) @executable_path/Frameworks @loader_path/Frameworks";
				PRODUCT_BUNDLE_IDENTIFIER = com.michaeldwilliams.InstagramCloneUITests;
				PRODUCT_NAME = "$(TARGET_NAME)";
				TEST_TARGET_NAME = InstagramClone;
			};
			name = Release;
		};
		21BA33FA1D3D9E95004DDD05 /* Debug */ = {
			isa = XCBuildConfiguration;
			buildSettings = {
				ALWAYS_SEARCH_USER_PATHS = NO;
				CLANG_ANALYZER_NONNULL = YES;
				CLANG_CXX_LANGUAGE_STANDARD = "gnu++0x";
				CLANG_CXX_LIBRARY = "libc++";
				CLANG_ENABLE_MODULES = YES;
				CLANG_ENABLE_OBJC_ARC = YES;
				CLANG_WARN_BOOL_CONVERSION = YES;
				CLANG_WARN_CONSTANT_CONVERSION = YES;
				CLANG_WARN_DIRECT_OBJC_ISA_USAGE = YES_ERROR;
				CLANG_WARN_EMPTY_BODY = YES;
				CLANG_WARN_ENUM_CONVERSION = YES;
				CLANG_WARN_INT_CONVERSION = YES;
				CLANG_WARN_OBJC_ROOT_CLASS = YES_ERROR;
				CLANG_WARN_UNREACHABLE_CODE = YES;
				CLANG_WARN__DUPLICATE_METHOD_MATCH = YES;
				"CODE_SIGN_IDENTITY[sdk=iphoneos*]" = "iPhone Developer";
				COPY_PHASE_STRIP = NO;
				DEBUG_INFORMATION_FORMAT = dwarf;
				ENABLE_STRICT_OBJC_MSGSEND = YES;
				ENABLE_TESTABILITY = YES;
				GCC_C_LANGUAGE_STANDARD = gnu99;
				GCC_DYNAMIC_NO_PIC = NO;
				GCC_NO_COMMON_BLOCKS = YES;
				GCC_OPTIMIZATION_LEVEL = 0;
				GCC_PREPROCESSOR_DEFINITIONS = (
					"DEBUG=1",
					"$(inherited)",
				);
				GCC_WARN_64_TO_32_BIT_CONVERSION = YES;
				GCC_WARN_ABOUT_RETURN_TYPE = YES_ERROR;
				GCC_WARN_UNDECLARED_SELECTOR = YES;
				GCC_WARN_UNINITIALIZED_AUTOS = YES_AGGRESSIVE;
				GCC_WARN_UNUSED_FUNCTION = YES;
				GCC_WARN_UNUSED_VARIABLE = YES;
				IPHONEOS_DEPLOYMENT_TARGET = 9.3;
				MTL_ENABLE_DEBUG_INFO = YES;
				ONLY_ACTIVE_ARCH = YES;
				SDKROOT = iphoneos;
				SWIFT_OPTIMIZATION_LEVEL = "-Onone";
			};
			name = Debug;
		};
		21BA33FB1D3D9E95004DDD05 /* Release */ = {
			isa = XCBuildConfiguration;
			buildSettings = {
				ALWAYS_SEARCH_USER_PATHS = NO;
				CLANG_ANALYZER_NONNULL = YES;
				CLANG_CXX_LANGUAGE_STANDARD = "gnu++0x";
				CLANG_CXX_LIBRARY = "libc++";
				CLANG_ENABLE_MODULES = YES;
				CLANG_ENABLE_OBJC_ARC = YES;
				CLANG_WARN_BOOL_CONVERSION = YES;
				CLANG_WARN_CONSTANT_CONVERSION = YES;
				CLANG_WARN_DIRECT_OBJC_ISA_USAGE = YES_ERROR;
				CLANG_WARN_EMPTY_BODY = YES;
				CLANG_WARN_ENUM_CONVERSION = YES;
				CLANG_WARN_INT_CONVERSION = YES;
				CLANG_WARN_OBJC_ROOT_CLASS = YES_ERROR;
				CLANG_WARN_UNREACHABLE_CODE = YES;
				CLANG_WARN__DUPLICATE_METHOD_MATCH = YES;
				"CODE_SIGN_IDENTITY[sdk=iphoneos*]" = "iPhone Developer";
				COPY_PHASE_STRIP = NO;
				DEBUG_INFORMATION_FORMAT = "dwarf-with-dsym";
				ENABLE_NS_ASSERTIONS = NO;
				ENABLE_STRICT_OBJC_MSGSEND = YES;
				GCC_C_LANGUAGE_STANDARD = gnu99;
				GCC_NO_COMMON_BLOCKS = YES;
				GCC_WARN_64_TO_32_BIT_CONVERSION = YES;
				GCC_WARN_ABOUT_RETURN_TYPE = YES_ERROR;
				GCC_WARN_UNDECLARED_SELECTOR = YES;
				GCC_WARN_UNINITIALIZED_AUTOS = YES_AGGRESSIVE;
				GCC_WARN_UNUSED_FUNCTION = YES;
				GCC_WARN_UNUSED_VARIABLE = YES;
				IPHONEOS_DEPLOYMENT_TARGET = 9.3;
				MTL_ENABLE_DEBUG_INFO = NO;
				SDKROOT = iphoneos;
				VALIDATE_PRODUCT = YES;
			};
			name = Release;
		};
		21BA33FD1D3D9E95004DDD05 /* Debug */ = {
			isa = XCBuildConfiguration;
			baseConfigurationReference = B52B73BAB8232990470387DE /* Pods-InstagramClone.debug.xcconfig */;
			buildSettings = {
				ASSETCATALOG_COMPILER_APPICON_NAME = AppIcon;
				INFOPLIST_FILE = InstagramClone/Info.plist;
				LD_RUNPATH_SEARCH_PATHS = "$(inherited) @executable_path/Frameworks";
				PRODUCT_BUNDLE_IDENTIFIER = com.michaeldwilliams.InstagramClone;
				PRODUCT_NAME = "$(TARGET_NAME)";
			};
			name = Debug;
		};
		21BA33FE1D3D9E95004DDD05 /* Release */ = {
			isa = XCBuildConfiguration;
			baseConfigurationReference = D6A4C64D4959488BDB0B6C9F /* Pods-InstagramClone.release.xcconfig */;
			buildSettings = {
				ASSETCATALOG_COMPILER_APPICON_NAME = AppIcon;
				INFOPLIST_FILE = InstagramClone/Info.plist;
				LD_RUNPATH_SEARCH_PATHS = "$(inherited) @executable_path/Frameworks";
				PRODUCT_BUNDLE_IDENTIFIER = com.michaeldwilliams.InstagramClone;
				PRODUCT_NAME = "$(TARGET_NAME)";
			};
			name = Release;
		};
/* End XCBuildConfiguration section */

/* Begin XCConfigurationList section */
		21A48ED71D3E904000046587 /* Build configuration list for PBXNativeTarget "InstagramCloneUITests" */ = {
			isa = XCConfigurationList;
			buildConfigurations = (
				21A48ED81D3E904000046587 /* Debug */,
				21A48ED91D3E904000046587 /* Release */,
			);
			defaultConfigurationIsVisible = 0;
		};
		21BA33E51D3D9E95004DDD05 /* Build configuration list for PBXProject "InstagramClone" */ = {
			isa = XCConfigurationList;
			buildConfigurations = (
				21BA33FA1D3D9E95004DDD05 /* Debug */,
				21BA33FB1D3D9E95004DDD05 /* Release */,
			);
			defaultConfigurationIsVisible = 0;
			defaultConfigurationName = Release;
		};
		21BA33FC1D3D9E95004DDD05 /* Build configuration list for PBXNativeTarget "InstagramClone" */ = {
			isa = XCConfigurationList;
			buildConfigurations = (
				21BA33FD1D3D9E95004DDD05 /* Debug */,
				21BA33FE1D3D9E95004DDD05 /* Release */,
			);
			defaultConfigurationIsVisible = 0;
			defaultConfigurationName = Release;
		};
/* End XCConfigurationList section */
	};
	rootObject = 21BA33E21D3D9E95004DDD05 /* Project object */;
}
